
Microsoft Visual Studio Solution File, Format Version 12.00
# Visual Studio Version 16
VisualStudioVersion = 16.0.30204.135
MinimumVisualStudioVersion = 10.0.40219.1
Project("{9A19103F-16F7-4668-BE54-9A1E7A4F7556}") = "AzureStorageTest", "AzureStorageTest.csproj", "{3FC486D9-D7FB-4FFA-8004-8D886461F408}"
EndProject
Global
	GlobalSection(SolutionConfigurationPlatforms) = preSolution
		Debug|Any CPU = Debug|Any CPU
		Release|Any CPU = Release|Any CPU
	EndGlobalSection
	GlobalSection(ProjectConfigurationPlatforms) = postSolution
		{3FC486D9-D7FB-4FFA-8004-8D886461F408}.Debug|Any CPU.ActiveCfg = Debug|Any CPU
		{3FC486D9-D7FB-4FFA-8004-8D886461F408}.Debug|Any CPU.Build.0 = Debug|Any CPU
		{3FC486D9-D7FB-4FFA-8004-8D886461F408}.Release|Any CPU.ActiveCfg = Release|Any CPU
		{3FC486D9-D7FB-4FFA-8004-8D886461F408}.Release|Any CPU.Build.0 = Release|Any CPU
	EndGlobalSection
	GlobalSection(SolutionProperties) = preSolution
		HideSolutionNode = FALSE
	EndGlobalSection
	GlobalSection(ExtensibilityGlobals) = postSolution
		SolutionGuid = {715606C3-1E00-4B9D-9653-E4004CC4A2F5}
	EndGlobalSection
EndGlobal
